
Microsoft Visual Studio Solution File, Format Version 12.00
# Visual Studio Version 17
VisualStudioVersion = 17.0.31903.59
MinimumVisualStudioVersion = 10.0.40219.1
Project("{2150E333-8FDC-42A3-9474-1A3956D46DE8}") = "src", "src", "{7AEEB617-53E8-47CE-96D1-CC8EFA35F1AF}"
EndProject
Project("{FAE04EC0-301F-11D3-BF4B-00C04F79EFBC}") = "Core", "src\Core\Core.csproj", "{A51C7116-0497-4DC2-913F-AC0A45F09DF9}"
EndProject
Project("{FAE04EC0-301F-11D3-BF4B-00C04F79EFBC}") = "Api", "src\Api\Api.csproj", "{C8AE8E5A-3F3D-4A5B-ADA0-662442ABF4A3}"
EndProject
Project("{2150E333-8FDC-42A3-9474-1A3956D46DE8}") = "tests", "tests", "{FD7EBB3B-96CC-4575-9992-4BA59C6DF024}"
EndProject
Project("{FAE04EC0-301F-11D3-BF4B-00C04F79EFBC}") = "UnitTest", "tests\UnitTest\UnitTest.csproj", "{C881C80C-C09D-44AE-94E5-C168377C2848}"
EndProject
Project("{FAE04EC0-301F-11D3-BF4B-00C04F79EFBC}") = "Infra", "src\Infra\Infra.csproj", "{FC2661C2-CC70-4207-9EF4-29D52D1D89CA}"
EndProject
Global
	GlobalSection(SolutionProperties) = preSolution
		HideSolutionNode = FALSE
	EndGlobalSection
	GlobalSection(SolutionConfigurationPlatforms) = preSolution
		Debug|Any CPU = Debug|Any CPU
		Debug|x64 = Debug|x64
		Debug|x86 = Debug|x86
		Release|Any CPU = Release|Any CPU
		Release|x64 = Release|x64
		Release|x86 = Release|x86
	EndGlobalSection
	GlobalSection(ProjectConfigurationPlatforms) = postSolution
		{A51C7116-0497-4DC2-913F-AC0A45F09DF9}.Debug|Any CPU.ActiveCfg = Debug|Any CPU
		{A51C7116-0497-4DC2-913F-AC0A45F09DF9}.Debug|Any CPU.Build.0 = Debug|Any CPU
		{A51C7116-0497-4DC2-913F-AC0A45F09DF9}.Debug|x64.ActiveCfg = Debug|Any CPU
		{A51C7116-0497-4DC2-913F-AC0A45F09DF9}.Debug|x64.Build.0 = Debug|Any CPU
		{A51C7116-0497-4DC2-913F-AC0A45F09DF9}.Debug|x86.ActiveCfg = Debug|Any CPU
		{A51C7116-0497-4DC2-913F-AC0A45F09DF9}.Debug|x86.Build.0 = Debug|Any CPU
		{A51C7116-0497-4DC2-913F-AC0A45F09DF9}.Release|Any CPU.ActiveCfg = Release|Any CPU
		{A51C7116-0497-4DC2-913F-AC0A45F09DF9}.Release|Any CPU.Build.0 = Release|Any CPU
		{A51C7116-0497-4DC2-913F-AC0A45F09DF9}.Release|x64.ActiveCfg = Release|Any CPU
		{A51C7116-0497-4DC2-913F-AC0A45F09DF9}.Release|x64.Build.0 = Release|Any CPU
		{A51C7116-0497-4DC2-913F-AC0A45F09DF9}.Release|x86.ActiveCfg = Release|Any CPU
		{A51C7116-0497-4DC2-913F-AC0A45F09DF9}.Release|x86.Build.0 = Release|Any CPU
		{C8AE8E5A-3F3D-4A5B-ADA0-662442ABF4A3}.Debug|Any CPU.ActiveCfg = Debug|Any CPU
		{C8AE8E5A-3F3D-4A5B-ADA0-662442ABF4A3}.Debug|Any CPU.Build.0 = Debug|Any CPU
		{C8AE8E5A-3F3D-4A5B-ADA0-662442ABF4A3}.Debug|x64.ActiveCfg = Debug|Any CPU
		{C8AE8E5A-3F3D-4A5B-ADA0-662442ABF4A3}.Debug|x64.Build.0 = Debug|Any CPU
		{C8AE8E5A-3F3D-4A5B-ADA0-662442ABF4A3}.Debug|x86.ActiveCfg = Debug|Any CPU
		{C8AE8E5A-3F3D-4A5B-ADA0-662442ABF4A3}.Debug|x86.Build.0 = Debug|Any CPU
		{C8AE8E5A-3F3D-4A5B-ADA0-662442ABF4A3}.Release|Any CPU.ActiveCfg = Release|Any CPU
		{C8AE8E5A-3F3D-4A5B-ADA0-662442ABF4A3}.Release|Any CPU.Build.0 = Release|Any CPU
		{C8AE8E5A-3F3D-4A5B-ADA0-662442ABF4A3}.Release|x64.ActiveCfg = Release|Any CPU
		{C8AE8E5A-3F3D-4A5B-ADA0-662442ABF4A3}.Release|x64.Build.0 = Release|Any CPU
		{C8AE8E5A-3F3D-4A5B-ADA0-662442ABF4A3}.Release|x86.ActiveCfg = Release|Any CPU
		{C8AE8E5A-3F3D-4A5B-ADA0-662442ABF4A3}.Release|x86.Build.0 = Release|Any CPU
		{C881C80C-C09D-44AE-94E5-C168377C2848}.Debug|Any CPU.ActiveCfg = Debug|Any CPU
		{C881C80C-C09D-44AE-94E5-C168377C2848}.Debug|Any CPU.Build.0 = Debug|Any CPU
		{C881C80C-C09D-44AE-94E5-C168377C2848}.Debug|x64.ActiveCfg = Debug|Any CPU
		{C881C80C-C09D-44AE-94E5-C168377C2848}.Debug|x64.Build.0 = Debug|Any CPU
		{C881C80C-C09D-44AE-94E5-C168377C2848}.Debug|x86.ActiveCfg = Debug|Any CPU
		{C881C80C-C09D-44AE-94E5-C168377C2848}.Debug|x86.Build.0 = Debug|Any CPU
		{C881C80C-C09D-44AE-94E5-C168377C2848}.Release|Any CPU.ActiveCfg = Release|Any CPU
		{C881C80C-C09D-44AE-94E5-C168377C2848}.Release|Any CPU.Build.0 = Release|Any CPU
		{C881C80C-C09D-44AE-94E5-C168377C2848}.Release|x64.ActiveCfg = Release|Any CPU
		{C881C80C-C09D-44AE-94E5-C168377C2848}.Release|x64.Build.0 = Release|Any CPU
		{C881C80C-C09D-44AE-94E5-C168377C2848}.Release|x86.ActiveCfg = Release|Any CPU
		{C881C80C-C09D-44AE-94E5-C168377C2848}.Release|x86.Build.0 = Release|Any CPU
		{FC2661C2-CC70-4207-9EF4-29D52D1D89CA}.Debug|Any CPU.ActiveCfg = Debug|Any CPU
		{FC2661C2-CC70-4207-9EF4-29D52D1D89CA}.Debug|Any CPU.Build.0 = Debug|Any CPU
		{FC2661C2-CC70-4207-9EF4-29D52D1D89CA}.Debug|x64.ActiveCfg = Debug|Any CPU
		{FC2661C2-CC70-4207-9EF4-29D52D1D89CA}.Debug|x64.Build.0 = Debug|Any CPU
		{FC2661C2-CC70-4207-9EF4-29D52D1D89CA}.Debug|x86.ActiveCfg = Debug|Any CPU
		{FC2661C2-CC70-4207-9EF4-29D52D1D89CA}.Debug|x86.Build.0 = Debug|Any CPU
		{FC2661C2-CC70-4207-9EF4-29D52D1D89CA}.Release|Any CPU.ActiveCfg = Release|Any CPU
		{FC2661C2-CC70-4207-9EF4-29D52D1D89CA}.Release|Any CPU.Build.0 = Release|Any CPU
		{FC2661C2-CC70-4207-9EF4-29D52D1D89CA}.Release|x64.ActiveCfg = Release|Any CPU
		{FC2661C2-CC70-4207-9EF4-29D52D1D89CA}.Release|x64.Build.0 = Release|Any CPU
		{FC2661C2-CC70-4207-9EF4-29D52D1D89CA}.Release|x86.ActiveCfg = Release|Any CPU
		{FC2661C2-CC70-4207-9EF4-29D52D1D89CA}.Release|x86.Build.0 = Release|Any CPU
	EndGlobalSection
	GlobalSection(NestedProjects) = preSolution
		{A51C7116-0497-4DC2-913F-AC0A45F09DF9} = {7AEEB617-53E8-47CE-96D1-CC8EFA35F1AF}
		{C8AE8E5A-3F3D-4A5B-ADA0-662442ABF4A3} = {7AEEB617-53E8-47CE-96D1-CC8EFA35F1AF}
		{C881C80C-C09D-44AE-94E5-C168377C2848} = {FD7EBB3B-96CC-4575-9992-4BA59C6DF024}
		{FC2661C2-CC70-4207-9EF4-29D52D1D89CA} = {7AEEB617-53E8-47CE-96D1-CC8EFA35F1AF}
	EndGlobalSection
EndGlobal
